// !$*UTF8*$!
{
	archiveVersion = 1;
	classes = {
	};
	objectVersion = 56;
	objects = {

/* Begin PBXBuildFile section */
		864647122B1C5E7500C0ECD7 /* RSAError.swift in Sources */ = {isa = PBXBuildFile; fileRef = 864647112B1C5E7500C0ECD7 /* RSAError.swift */; };
		864647142B1C7D9000C0ECD7 /* PingIdentityTransitionButton.swift in Sources */ = {isa = PBXBuildFile; fileRef = 864647132B1C7D9000C0ECD7 /* PingIdentityTransitionButton.swift */; };
		864647182B1C7E1000C0ECD7 /* PingIdentityButtonDotsAnimationView.swift in Sources */ = {isa = PBXBuildFile; fileRef = 864647172B1C7E1000C0ECD7 /* PingIdentityButtonDotsAnimationView.swift */; };
		8646471A2B1C852A00C0ECD7 /* KeychainError.swift in Sources */ = {isa = PBXBuildFile; fileRef = 864647192B1C852A00C0ECD7 /* KeychainError.swift */; };
		8671C79F2B1AF823004A3FA9 /* Extensions.swift in Sources */ = {isa = PBXBuildFile; fileRef = 8671C79E2B1AF823004A3FA9 /* Extensions.swift */; };
		8671C7A32B1AFF00004A3FA9 /* RSAHandler.swift in Sources */ = {isa = PBXBuildFile; fileRef = 8671C7A22B1AFF00004A3FA9 /* RSAHandler.swift */; };
		8671C7A62B1B06D0004A3FA9 /* PingIdentityKeyChainHandler.swift in Sources */ = {isa = PBXBuildFile; fileRef = 8671C7A52B1B06D0004A3FA9 /* PingIdentityKeyChainHandler.swift */; };
		8671C7A92B1B312B004A3FA9 /* PingIdentityStringConstant.swift in Sources */ = {isa = PBXBuildFile; fileRef = 8671C7A82B1B312B004A3FA9 /* PingIdentityStringConstant.swift */; };
		8671C7AC2B1B404E004A3FA9 /* LocalNotificationManager.swift in Sources */ = {isa = PBXBuildFile; fileRef = 8671C7AB2B1B404E004A3FA9 /* LocalNotificationManager.swift */; };
		86D902902B183CB900D3C793 /* AppDelegate.swift in Sources */ = {isa = PBXBuildFile; fileRef = 86D9028F2B183CB900D3C793 /* AppDelegate.swift */; };
		86D902922B183CB900D3C793 /* SceneDelegate.swift in Sources */ = {isa = PBXBuildFile; fileRef = 86D902912B183CB900D3C793 /* SceneDelegate.swift */; };
		86D902942B183CB900D3C793 /* PingIdentityEncryptMessageVC.swift in Sources */ = {isa = PBXBuildFile; fileRef = 86D902932B183CB900D3C793 /* PingIdentityEncryptMessageVC.swift */; };
		86D902972B183CB900D3C793 /* Main.storyboard in Resources */ = {isa = PBXBuildFile; fileRef = 86D902952B183CB900D3C793 /* Main.storyboard */; };
		86D902992B183CBA00D3C793 /* Assets.xcassets in Resources */ = {isa = PBXBuildFile; fileRef = 86D902982B183CBA00D3C793 /* Assets.xcassets */; };
		86D9029C2B183CBA00D3C793 /* LaunchScreen.storyboard in Resources */ = {isa = PBXBuildFile; fileRef = 86D9029A2B183CBA00D3C793 /* LaunchScreen.storyboard */; };
		86D902A72B183CBA00D3C793 /* PingIdentityTests.swift in Sources */ = {isa = PBXBuildFile; fileRef = 86D902A62B183CBA00D3C793 /* PingIdentityTests.swift */; };
		86D902B12B183CBA00D3C793 /* PingIdentityUITests.swift in Sources */ = {isa = PBXBuildFile; fileRef = 86D902B02B183CBA00D3C793 /* PingIdentityUITests.swift */; };
		86D902B32B183CBA00D3C793 /* PingIdentityUITestsLaunchTests.swift in Sources */ = {isa = PBXBuildFile; fileRef = 86D902B22B183CBA00D3C793 /* PingIdentityUITestsLaunchTests.swift */; };
		86E482F52B1CBA1200FC9F71 /* UIColor+CustomColors.swift in Sources */ = {isa = PBXBuildFile; fileRef = 86E482F42B1CBA1200FC9F71 /* UIColor+CustomColors.swift */; };
		86EF6ACA2B1B74AB00826C6A /* PingIdentityEncryptMessageViewModel.swift in Sources */ = {isa = PBXBuildFile; fileRef = 86EF6AC92B1B74AB00826C6A /* PingIdentityEncryptMessageViewModel.swift */; };
		86EF6ACC2B1B767700826C6A /* PingIdentityRSAKeyModel.swift in Sources */ = {isa = PBXBuildFile; fileRef = 86EF6ACB2B1B767700826C6A /* PingIdentityRSAKeyModel.swift */; };
		86EF6AD12B1B908700826C6A /* PingIdentityDecryptMessageViewModel.swift in Sources */ = {isa = PBXBuildFile; fileRef = 86EF6AD02B1B908700826C6A /* PingIdentityDecryptMessageViewModel.swift */; };
		86EF6AD32B1B924300826C6A /* PingIdentityDecryptMessage.swift in Sources */ = {isa = PBXBuildFile; fileRef = 86EF6AD22B1B924300826C6A /* PingIdentityDecryptMessage.swift */; };
		86F2045C2B1A3DD000E8E841 /* PingIdentityDecryptMessageVC.swift in Sources */ = {isa = PBXBuildFile; fileRef = 86F2045B2B1A3DD000E8E841 /* PingIdentityDecryptMessageVC.swift */; };
/* End PBXBuildFile section */

/* Begin PBXContainerItemProxy section */
		86D902A32B183CBA00D3C793 /* PBXContainerItemProxy */ = {
			isa = PBXContainerItemProxy;
			containerPortal = 86D902842B183CB900D3C793 /* Project object */;
			proxyType = 1;
			remoteGlobalIDString = 86D9028B2B183CB900D3C793;
			remoteInfo = PingIdentity;
		};
		86D902AD2B183CBA00D3C793 /* PBXContainerItemProxy */ = {
			isa = PBXContainerItemProxy;
			containerPortal = 86D902842B183CB900D3C793 /* Project object */;
			proxyType = 1;
			remoteGlobalIDString = 86D9028B2B183CB900D3C793;
			remoteInfo = PingIdentity;
		};
/* End PBXContainerItemProxy section */

/* Begin PBXFileReference section */
		864647112B1C5E7500C0ECD7 /* RSAError.swift */ = {isa = PBXFileReference; lastKnownFileType = sourcecode.swift; path = RSAError.swift; sourceTree = "<group>"; };
		864647132B1C7D9000C0ECD7 /* PingIdentityTransitionButton.swift */ = {isa = PBXFileReference; lastKnownFileType = sourcecode.swift; path = PingIdentityTransitionButton.swift; sourceTree = "<group>"; };
		864647172B1C7E1000C0ECD7 /* PingIdentityButtonDotsAnimationView.swift */ = {isa = PBXFileReference; lastKnownFileType = sourcecode.swift; path = PingIdentityButtonDotsAnimationView.swift; sourceTree = "<group>"; };
		864647192B1C852A00C0ECD7 /* KeychainError.swift */ = {isa = PBXFileReference; lastKnownFileType = sourcecode.swift; path = KeychainError.swift; sourceTree = "<group>"; };
		8671C79E2B1AF823004A3FA9 /* Extensions.swift */ = {isa = PBXFileReference; lastKnownFileType = sourcecode.swift; path = Extensions.swift; sourceTree = "<group>"; };
		8671C7A22B1AFF00004A3FA9 /* RSAHandler.swift */ = {isa = PBXFileReference; lastKnownFileType = sourcecode.swift; path = RSAHandler.swift; sourceTree = "<group>"; };
		8671C7A52B1B06D0004A3FA9 /* PingIdentityKeyChainHandler.swift */ = {isa = PBXFileReference; lastKnownFileType = sourcecode.swift; path = PingIdentityKeyChainHandler.swift; sourceTree = "<group>"; };
		8671C7A82B1B312B004A3FA9 /* PingIdentityStringConstant.swift */ = {isa = PBXFileReference; lastKnownFileType = sourcecode.swift; path = PingIdentityStringConstant.swift; sourceTree = "<group>"; };
		8671C7AB2B1B404E004A3FA9 /* LocalNotificationManager.swift */ = {isa = PBXFileReference; lastKnownFileType = sourcecode.swift; path = LocalNotificationManager.swift; sourceTree = "<group>"; };
		86D9028C2B183CB900D3C793 /* PingIdentity.app */ = {isa = PBXFileReference; explicitFileType = wrapper.application; includeInIndex = 0; path = PingIdentity.app; sourceTree = BUILT_PRODUCTS_DIR; };
		86D9028F2B183CB900D3C793 /* AppDelegate.swift */ = {isa = PBXFileReference; lastKnownFileType = sourcecode.swift; path = AppDelegate.swift; sourceTree = "<group>"; };
		86D902912B183CB900D3C793 /* SceneDelegate.swift */ = {isa = PBXFileReference; lastKnownFileType = sourcecode.swift; path = SceneDelegate.swift; sourceTree = "<group>"; };
		86D902932B183CB900D3C793 /* PingIdentityEncryptMessageVC.swift */ = {isa = PBXFileReference; lastKnownFileType = sourcecode.swift; path = PingIdentityEncryptMessageVC.swift; sourceTree = "<group>"; };
		86D902962B183CB900D3C793 /* Base */ = {isa = PBXFileReference; lastKnownFileType = file.storyboard; name = Base; path = Base.lproj/Main.storyboard; sourceTree = "<group>"; };
		86D902982B183CBA00D3C793 /* Assets.xcassets */ = {isa = PBXFileReference; lastKnownFileType = folder.assetcatalog; path = Assets.xcassets; sourceTree = "<group>"; };
		86D9029B2B183CBA00D3C793 /* Base */ = {isa = PBXFileReference; lastKnownFileType = file.storyboard; name = Base; path = Base.lproj/LaunchScreen.storyboard; sourceTree = "<group>"; };
		86D9029D2B183CBA00D3C793 /* Info.plist */ = {isa = PBXFileReference; lastKnownFileType = text.plist.xml; path = Info.plist; sourceTree = "<group>"; };
		86D902A22B183CBA00D3C793 /* PingIdentityTests.xctest */ = {isa = PBXFileReference; explicitFileType = wrapper.cfbundle; includeInIndex = 0; path = PingIdentityTests.xctest; sourceTree = BUILT_PRODUCTS_DIR; };
		86D902A62B183CBA00D3C793 /* PingIdentityTests.swift */ = {isa = PBXFileReference; lastKnownFileType = sourcecode.swift; path = PingIdentityTests.swift; sourceTree = "<group>"; };
		86D902AC2B183CBA00D3C793 /* PingIdentityUITests.xctest */ = {isa = PBXFileReference; explicitFileType = wrapper.cfbundle; includeInIndex = 0; path = PingIdentityUITests.xctest; sourceTree = BUILT_PRODUCTS_DIR; };
		86D902B02B183CBA00D3C793 /* PingIdentityUITests.swift */ = {isa = PBXFileReference; lastKnownFileType = sourcecode.swift; path = PingIdentityUITests.swift; sourceTree = "<group>"; };
		86D902B22B183CBA00D3C793 /* PingIdentityUITestsLaunchTests.swift */ = {isa = PBXFileReference; lastKnownFileType = sourcecode.swift; path = PingIdentityUITestsLaunchTests.swift; sourceTree = "<group>"; };
		86D902C22B1845D400D3C793 /* Security.framework */ = {isa = PBXFileReference; lastKnownFileType = wrapper.framework; name = Security.framework; path = System/Library/Frameworks/Security.framework; sourceTree = SDKROOT; };
		86D902E82B18CDD800D3C793 /* CryptoKit.framework */ = {isa = PBXFileReference; lastKnownFileType = wrapper.framework; name = CryptoKit.framework; path = System/Library/Frameworks/CryptoKit.framework; sourceTree = SDKROOT; };
		86E482F42B1CBA1200FC9F71 /* UIColor+CustomColors.swift */ = {isa = PBXFileReference; lastKnownFileType = sourcecode.swift; path = "UIColor+CustomColors.swift"; sourceTree = "<group>"; };
		86EF6AC92B1B74AB00826C6A /* PingIdentityEncryptMessageViewModel.swift */ = {isa = PBXFileReference; lastKnownFileType = sourcecode.swift; path = PingIdentityEncryptMessageViewModel.swift; sourceTree = "<group>"; };
		86EF6ACB2B1B767700826C6A /* PingIdentityRSAKeyModel.swift */ = {isa = PBXFileReference; lastKnownFileType = sourcecode.swift; path = PingIdentityRSAKeyModel.swift; sourceTree = "<group>"; };
		86EF6AD02B1B908700826C6A /* PingIdentityDecryptMessageViewModel.swift */ = {isa = PBXFileReference; lastKnownFileType = sourcecode.swift; path = PingIdentityDecryptMessageViewModel.swift; sourceTree = "<group>"; };
		86EF6AD22B1B924300826C6A /* PingIdentityDecryptMessage.swift */ = {isa = PBXFileReference; lastKnownFileType = sourcecode.swift; path = PingIdentityDecryptMessage.swift; sourceTree = "<group>"; };
		86F2045B2B1A3DD000E8E841 /* PingIdentityDecryptMessageVC.swift */ = {isa = PBXFileReference; lastKnownFileType = sourcecode.swift; path = PingIdentityDecryptMessageVC.swift; sourceTree = "<group>"; };
/* End PBXFileReference section */

/* Begin PBXFrameworksBuildPhase section */
		86D902892B183CB900D3C793 /* Frameworks */ = {
			isa = PBXFrameworksBuildPhase;
			buildActionMask = 2147483647;
			files = (
			);
			runOnlyForDeploymentPostprocessing = 0;
		};
		86D9029F2B183CBA00D3C793 /* Frameworks */ = {
			isa = PBXFrameworksBuildPhase;
			buildActionMask = 2147483647;
			files = (
			);
			runOnlyForDeploymentPostprocessing = 0;
		};
		86D902A92B183CBA00D3C793 /* Frameworks */ = {
			isa = PBXFrameworksBuildPhase;
			buildActionMask = 2147483647;
			files = (
			);
			runOnlyForDeploymentPostprocessing = 0;
		};
/* End PBXFrameworksBuildPhase section */

/* Begin PBXGroup section */
		8646470F2B1C539300C0ECD7 /* Controller */ = {
			isa = PBXGroup;
			children = (
				86D902932B183CB900D3C793 /* PingIdentityEncryptMessageVC.swift */,
			);
			path = Controller;
			sourceTree = "<group>";
		};
		864647102B1C53A900C0ECD7 /* Controller */ = {
			isa = PBXGroup;
			children = (
				86F2045B2B1A3DD000E8E841 /* PingIdentityDecryptMessageVC.swift */,
			);
			path = Controller;
			sourceTree = "<group>";
		};
		864647152B1C7D9700C0ECD7 /* Custom */ = {
			isa = PBXGroup;
			children = (
				864647162B1C7D9E00C0ECD7 /* Button */,
			);
			path = Custom;
			sourceTree = "<group>";
		};
		864647162B1C7D9E00C0ECD7 /* Button */ = {
			isa = PBXGroup;
			children = (
				864647132B1C7D9000C0ECD7 /* PingIdentityTransitionButton.swift */,
				864647172B1C7E1000C0ECD7 /* PingIdentityButtonDotsAnimationView.swift */,
			);
			path = Button;
			sourceTree = "<group>";
		};
		8671C79B2B1AF3C6004A3FA9 /* PingIdentityEncryptMessage */ = {
			isa = PBXGroup;
			children = (
				86EF6AC82B1B73DE00826C6A /* Model */,
				86EF6AC62B1B73BE00826C6A /* View */,
				86EF6AC72B1B73CB00826C6A /* ViewModel */,
			);
			path = PingIdentityEncryptMessage;
			sourceTree = "<group>";
		};
		8671C79C2B1AF3E9004A3FA9 /* PingIdentityDecryptMessage */ = {
			isa = PBXGroup;
			children = (
				86EF6ACD2B1B8FE900826C6A /* Model */,
				86EF6ACE2B1B8FF500826C6A /* View */,
				86EF6ACF2B1B900400826C6A /* ViewModel */,
			);
			path = PingIdentityDecryptMessage;
			sourceTree = "<group>";
		};
		8671C79D2B1AF80F004A3FA9 /* Extensions */ = {
			isa = PBXGroup;
			children = (
				8671C79E2B1AF823004A3FA9 /* Extensions.swift */,
				86E482F42B1CBA1200FC9F71 /* UIColor+CustomColors.swift */,
			);
			path = Extensions;
			sourceTree = "<group>";
		};
		8671C7A12B1AFEA3004A3FA9 /* RSAHandler */ = {
			isa = PBXGroup;
			children = (
				8671C7A22B1AFF00004A3FA9 /* RSAHandler.swift */,
				864647112B1C5E7500C0ECD7 /* RSAError.swift */,
			);
			path = RSAHandler;
			sourceTree = "<group>";
		};
		8671C7A42B1B06AD004A3FA9 /* KeyChainHandler */ = {
			isa = PBXGroup;
			children = (
				8671C7A52B1B06D0004A3FA9 /* PingIdentityKeyChainHandler.swift */,
				864647192B1C852A00C0ECD7 /* KeychainError.swift */,
			);
			path = KeyChainHandler;
			sourceTree = "<group>";
		};
		8671C7A72B1B3109004A3FA9 /* StringConstant */ = {
			isa = PBXGroup;
			children = (
				8671C7A82B1B312B004A3FA9 /* PingIdentityStringConstant.swift */,
			);
			path = StringConstant;
			sourceTree = "<group>";
		};
		8671C7AA2B1B4024004A3FA9 /* LocalNotificationManager */ = {
			isa = PBXGroup;
			children = (
				8671C7AB2B1B404E004A3FA9 /* LocalNotificationManager.swift */,
			);
			path = LocalNotificationManager;
			sourceTree = "<group>";
		};
		86D902832B183CB900D3C793 = {
			isa = PBXGroup;
			children = (
				86D9028E2B183CB900D3C793 /* PingIdentity */,
				86D902A52B183CBA00D3C793 /* PingIdentityTests */,
				86D902AF2B183CBA00D3C793 /* PingIdentityUITests */,
				86D9028D2B183CB900D3C793 /* Products */,
				86D902C12B1845D400D3C793 /* Frameworks */,
			);
			sourceTree = "<group>";
		};
		86D9028D2B183CB900D3C793 /* Products */ = {
			isa = PBXGroup;
			children = (
				86D9028C2B183CB900D3C793 /* PingIdentity.app */,
				86D902A22B183CBA00D3C793 /* PingIdentityTests.xctest */,
				86D902AC2B183CBA00D3C793 /* PingIdentityUITests.xctest */,
			);
			name = Products;
			sourceTree = "<group>";
		};
		86D9028E2B183CB900D3C793 /* PingIdentity */ = {
			isa = PBXGroup;
			children = (
				86F204572B1A214100E8E841 /* AppDelegate */,
				864647152B1C7D9700C0ECD7 /* Custom */,
				8671C79D2B1AF80F004A3FA9 /* Extensions */,
				8671C7A72B1B3109004A3FA9 /* StringConstant */,
				8671C7AA2B1B4024004A3FA9 /* LocalNotificationManager */,
				8671C7A42B1B06AD004A3FA9 /* KeyChainHandler */,
				8671C7A12B1AFEA3004A3FA9 /* RSAHandler */,
				8671C79B2B1AF3C6004A3FA9 /* PingIdentityEncryptMessage */,
				8671C79C2B1AF3E9004A3FA9 /* PingIdentityDecryptMessage */,
				86D902982B183CBA00D3C793 /* Assets.xcassets */,
				86D9029A2B183CBA00D3C793 /* LaunchScreen.storyboard */,
				86D9029D2B183CBA00D3C793 /* Info.plist */,
			);
			path = PingIdentity;
			sourceTree = "<group>";
		};
		86D902A52B183CBA00D3C793 /* PingIdentityTests */ = {
			isa = PBXGroup;
			children = (
				86D902A62B183CBA00D3C793 /* PingIdentityTests.swift */,
			);
			path = PingIdentityTests;
			sourceTree = "<group>";
		};
		86D902AF2B183CBA00D3C793 /* PingIdentityUITests */ = {
			isa = PBXGroup;
			children = (
				86D902B02B183CBA00D3C793 /* PingIdentityUITests.swift */,
				86D902B22B183CBA00D3C793 /* PingIdentityUITestsLaunchTests.swift */,
			);
			path = PingIdentityUITests;
			sourceTree = "<group>";
		};
		86D902C12B1845D400D3C793 /* Frameworks */ = {
			isa = PBXGroup;
			children = (
				86D902E82B18CDD800D3C793 /* CryptoKit.framework */,
				86D902C22B1845D400D3C793 /* Security.framework */,
			);
			name = Frameworks;
			sourceTree = "<group>";
		};
		86EF6AC62B1B73BE00826C6A /* View */ = {
			isa = PBXGroup;
			children = (
				8646470F2B1C539300C0ECD7 /* Controller */,
				86EF6AD42B1BA43C00826C6A /* StoryBoard */,
			);
			path = View;
			sourceTree = "<group>";
		};
		86EF6AC72B1B73CB00826C6A /* ViewModel */ = {
			isa = PBXGroup;
			children = (
				86EF6AC92B1B74AB00826C6A /* PingIdentityEncryptMessageViewModel.swift */,
			);
			path = ViewModel;
			sourceTree = "<group>";
		};
		86EF6AC82B1B73DE00826C6A /* Model */ = {
			isa = PBXGroup;
			children = (
				86EF6ACB2B1B767700826C6A /* PingIdentityRSAKeyModel.swift */,
			);
			path = Model;
			sourceTree = "<group>";
		};
		86EF6ACD2B1B8FE900826C6A /* Model */ = {
			isa = PBXGroup;
			children = (
				86EF6AD22B1B924300826C6A /* PingIdentityDecryptMessage.swift */,
			);
			path = Model;
			sourceTree = "<group>";
		};
		86EF6ACE2B1B8FF500826C6A /* View */ = {
			isa = PBXGroup;
			children = (
				864647102B1C53A900C0ECD7 /* Controller */,
			);
			path = View;
			sourceTree = "<group>";
		};
		86EF6ACF2B1B900400826C6A /* ViewModel */ = {
			isa = PBXGroup;
			children = (
				86EF6AD02B1B908700826C6A /* PingIdentityDecryptMessageViewModel.swift */,
			);
			path = ViewModel;
			sourceTree = "<group>";
		};
		86EF6AD42B1BA43C00826C6A /* StoryBoard */ = {
			isa = PBXGroup;
			children = (
				86D902952B183CB900D3C793 /* Main.storyboard */,
			);
			path = StoryBoard;
			sourceTree = "<group>";
		};
		86F204572B1A214100E8E841 /* AppDelegate */ = {
			isa = PBXGroup;
			children = (
				86D9028F2B183CB900D3C793 /* AppDelegate.swift */,
				86D902912B183CB900D3C793 /* SceneDelegate.swift */,
			);
			path = AppDelegate;
			sourceTree = "<group>";
		};
/* End PBXGroup section */

/* Begin PBXNativeTarget section */
		86D9028B2B183CB900D3C793 /* PingIdentity */ = {
			isa = PBXNativeTarget;
			buildConfigurationList = 86D902B62B183CBA00D3C793 /* Build configuration list for PBXNativeTarget "PingIdentity" */;
			buildPhases = (
				86D902882B183CB900D3C793 /* Sources */,
				86D902892B183CB900D3C793 /* Frameworks */,
				86D9028A2B183CB900D3C793 /* Resources */,
			);
			buildRules = (
			);
			dependencies = (
			);
			name = PingIdentity;
			productName = PingIdentity;
			productReference = 86D9028C2B183CB900D3C793 /* PingIdentity.app */;
			productType = "com.apple.product-type.application";
		};
		86D902A12B183CBA00D3C793 /* PingIdentityTests */ = {
			isa = PBXNativeTarget;
			buildConfigurationList = 86D902B92B183CBA00D3C793 /* Build configuration list for PBXNativeTarget "PingIdentityTests" */;
			buildPhases = (
				86D9029E2B183CBA00D3C793 /* Sources */,
				86D9029F2B183CBA00D3C793 /* Frameworks */,
				86D902A02B183CBA00D3C793 /* Resources */,
			);
			buildRules = (
			);
			dependencies = (
				86D902A42B183CBA00D3C793 /* PBXTargetDependency */,
			);
			name = PingIdentityTests;
			productName = PingIdentityTests;
			productReference = 86D902A22B183CBA00D3C793 /* PingIdentityTests.xctest */;
			productType = "com.apple.product-type.bundle.unit-test";
		};
		86D902AB2B183CBA00D3C793 /* PingIdentityUITests */ = {
			isa = PBXNativeTarget;
			buildConfigurationList = 86D902BC2B183CBA00D3C793 /* Build configuration list for PBXNativeTarget "PingIdentityUITests" */;
			buildPhases = (
				86D902A82B183CBA00D3C793 /* Sources */,
				86D902A92B183CBA00D3C793 /* Frameworks */,
				86D902AA2B183CBA00D3C793 /* Resources */,
			);
			buildRules = (
			);
			dependencies = (
				86D902AE2B183CBA00D3C793 /* PBXTargetDependency */,
			);
			name = PingIdentityUITests;
			productName = PingIdentityUITests;
			productReference = 86D902AC2B183CBA00D3C793 /* PingIdentityUITests.xctest */;
			productType = "com.apple.product-type.bundle.ui-testing";
		};
/* End PBXNativeTarget section */

/* Begin PBXProject section */
		86D902842B183CB900D3C793 /* Project object */ = {
			isa = PBXProject;
			attributes = {
				BuildIndependentTargetsInParallel = 1;
				LastSwiftUpdateCheck = 1430;
				LastUpgradeCheck = 1430;
				TargetAttributes = {
					86D9028B2B183CB900D3C793 = {
						CreatedOnToolsVersion = 14.3.1;
					};
					86D902A12B183CBA00D3C793 = {
						CreatedOnToolsVersion = 14.3.1;
						TestTargetID = 86D9028B2B183CB900D3C793;
					};
					86D902AB2B183CBA00D3C793 = {
						CreatedOnToolsVersion = 14.3.1;
						TestTargetID = 86D9028B2B183CB900D3C793;
					};
				};
			};
			buildConfigurationList = 86D902872B183CB900D3C793 /* Build configuration list for PBXProject "PingIdentity" */;
			compatibilityVersion = "Xcode 14.0";
			developmentRegion = en;
			hasScannedForEncodings = 0;
			knownRegions = (
				en,
				Base,
			);
			mainGroup = 86D902832B183CB900D3C793;
			productRefGroup = 86D9028D2B183CB900D3C793 /* Products */;
			projectDirPath = "";
			projectRoot = "";
			targets = (
				86D9028B2B183CB900D3C793 /* PingIdentity */,
				86D902A12B183CBA00D3C793 /* PingIdentityTests */,
				86D902AB2B183CBA00D3C793 /* PingIdentityUITests */,
			);
		};
/* End PBXProject section */

/* Begin PBXResourcesBuildPhase section */
		86D9028A2B183CB900D3C793 /* Resources */ = {
			isa = PBXResourcesBuildPhase;
			buildActionMask = 2147483647;
			files = (
				86D9029C2B183CBA00D3C793 /* LaunchScreen.storyboard in Resources */,
				86D902992B183CBA00D3C793 /* Assets.xcassets in Resources */,
				86D902972B183CB900D3C793 /* Main.storyboard in Resources */,
			);
			runOnlyForDeploymentPostprocessing = 0;
		};
		86D902A02B183CBA00D3C793 /* Resources */ = {
			isa = PBXResourcesBuildPhase;
			buildActionMask = 2147483647;
			files = (
			);
			runOnlyForDeploymentPostprocessing = 0;
		};
		86D902AA2B183CBA00D3C793 /* Resources */ = {
			isa = PBXResourcesBuildPhase;
			buildActionMask = 2147483647;
			files = (
			);
			runOnlyForDeploymentPostprocessing = 0;
		};
/* End PBXResourcesBuildPhase section */

/* Begin PBXSourcesBuildPhase section */
		86D902882B183CB900D3C793 /* Sources */ = {
			isa = PBXSourcesBuildPhase;
			buildActionMask = 2147483647;
			files = (
				8671C7A92B1B312B004A3FA9 /* PingIdentityStringConstant.swift in Sources */,
				864647142B1C7D9000C0ECD7 /* PingIdentityTransitionButton.swift in Sources */,
				8671C79F2B1AF823004A3FA9 /* Extensions.swift in Sources */,
				86E482F52B1CBA1200FC9F71 /* UIColor+CustomColors.swift in Sources */,
				864647182B1C7E1000C0ECD7 /* PingIdentityButtonDotsAnimationView.swift in Sources */,
				86D902942B183CB900D3C793 /* PingIdentityEncryptMessageVC.swift in Sources */,
				86D902902B183CB900D3C793 /* AppDelegate.swift in Sources */,
				86EF6AD12B1B908700826C6A /* PingIdentityDecryptMessageViewModel.swift in Sources */,
				8671C7A32B1AFF00004A3FA9 /* RSAHandler.swift in Sources */,
				86F2045C2B1A3DD000E8E841 /* PingIdentityDecryptMessageVC.swift in Sources */,
				86EF6ACA2B1B74AB00826C6A /* PingIdentityEncryptMessageViewModel.swift in Sources */,
				8671C7AC2B1B404E004A3FA9 /* LocalNotificationManager.swift in Sources */,
				86EF6ACC2B1B767700826C6A /* PingIdentityRSAKeyModel.swift in Sources */,
				86D902922B183CB900D3C793 /* SceneDelegate.swift in Sources */,
				8671C7A62B1B06D0004A3FA9 /* PingIdentityKeyChainHandler.swift in Sources */,
				86EF6AD32B1B924300826C6A /* PingIdentityDecryptMessage.swift in Sources */,
				864647122B1C5E7500C0ECD7 /* RSAError.swift in Sources */,
				8646471A2B1C852A00C0ECD7 /* KeychainError.swift in Sources */,
			);
			runOnlyForDeploymentPostprocessing = 0;
		};
		86D9029E2B183CBA00D3C793 /* Sources */ = {
			isa = PBXSourcesBuildPhase;
			buildActionMask = 2147483647;
			files = (
				86D902A72B183CBA00D3C793 /* PingIdentityTests.swift in Sources */,
			);
			runOnlyForDeploymentPostprocessing = 0;
		};
		86D902A82B183CBA00D3C793 /* Sources */ = {
			isa = PBXSourcesBuildPhase;
			buildActionMask = 2147483647;
			files = (
				86D902B32B183CBA00D3C793 /* PingIdentityUITestsLaunchTests.swift in Sources */,
				86D902B12B183CBA00D3C793 /* PingIdentityUITests.swift in Sources */,
			);
			runOnlyForDeploymentPostprocessing = 0;
		};
/* End PBXSourcesBuildPhase section */

/* Begin PBXTargetDependency section */
		86D902A42B183CBA00D3C793 /* PBXTargetDependency */ = {
			isa = PBXTargetDependency;
			target = 86D9028B2B183CB900D3C793 /* PingIdentity */;
			targetProxy = 86D902A32B183CBA00D3C793 /* PBXContainerItemProxy */;
		};
		86D902AE2B183CBA00D3C793 /* PBXTargetDependency */ = {
			isa = PBXTargetDependency;
			target = 86D9028B2B183CB900D3C793 /* PingIdentity */;
			targetProxy = 86D902AD2B183CBA00D3C793 /* PBXContainerItemProxy */;
		};
/* End PBXTargetDependency section */

/* Begin PBXVariantGroup section */
		86D902952B183CB900D3C793 /* Main.storyboard */ = {
			isa = PBXVariantGroup;
			children = (
				86D902962B183CB900D3C793 /* Base */,
			);
			name = Main.storyboard;
			sourceTree = "<group>";
		};
		86D9029A2B183CBA00D3C793 /* LaunchScreen.storyboard */ = {
			isa = PBXVariantGroup;
			children = (
				86D9029B2B183CBA00D3C793 /* Base */,
			);
			name = LaunchScreen.storyboard;
			sourceTree = "<group>";
		};
/* End PBXVariantGroup section */

/* Begin XCBuildConfiguration section */
		86D902B42B183CBA00D3C793 /* Debug */ = {
			isa = XCBuildConfiguration;
			buildSettings = {
				ALWAYS_SEARCH_USER_PATHS = NO;
				CLANG_ANALYZER_NONNULL = YES;
				CLANG_ANALYZER_NUMBER_OBJECT_CONVERSION = YES_AGGRESSIVE;
				CLANG_CXX_LANGUAGE_STANDARD = "gnu++20";
				CLANG_ENABLE_MODULES = YES;
				CLANG_ENABLE_OBJC_ARC = YES;
				CLANG_ENABLE_OBJC_WEAK = YES;
				CLANG_WARN_BLOCK_CAPTURE_AUTORELEASING = YES;
				CLANG_WARN_BOOL_CONVERSION = YES;
				CLANG_WARN_COMMA = YES;
				CLANG_WARN_CONSTANT_CONVERSION = YES;
				CLANG_WARN_DEPRECATED_OBJC_IMPLEMENTATIONS = YES;
				CLANG_WARN_DIRECT_OBJC_ISA_USAGE = YES_ERROR;
				CLANG_WARN_DOCUMENTATION_COMMENTS = YES;
				CLANG_WARN_EMPTY_BODY = YES;
				CLANG_WARN_ENUM_CONVERSION = YES;
				CLANG_WARN_INFINITE_RECURSION = YES;
				CLANG_WARN_INT_CONVERSION = YES;
				CLANG_WARN_NON_LITERAL_NULL_CONVERSION = YES;
				CLANG_WARN_OBJC_IMPLICIT_RETAIN_SELF = YES;
				CLANG_WARN_OBJC_LITERAL_CONVERSION = YES;
				CLANG_WARN_OBJC_ROOT_CLASS = YES_ERROR;
				CLANG_WARN_QUOTED_INCLUDE_IN_FRAMEWORK_HEADER = YES;
				CLANG_WARN_RANGE_LOOP_ANALYSIS = YES;
				CLANG_WARN_STRICT_PROTOTYPES = YES;
				CLANG_WARN_SUSPICIOUS_MOVE = YES;
				CLANG_WARN_UNGUARDED_AVAILABILITY = YES_AGGRESSIVE;
				CLANG_WARN_UNREACHABLE_CODE = YES;
				CLANG_WARN__DUPLICATE_METHOD_MATCH = YES;
				COPY_PHASE_STRIP = NO;
				DEBUG_INFORMATION_FORMAT = dwarf;
				ENABLE_STRICT_OBJC_MSGSEND = YES;
				ENABLE_TESTABILITY = YES;
				GCC_C_LANGUAGE_STANDARD = gnu11;
				GCC_DYNAMIC_NO_PIC = NO;
				GCC_NO_COMMON_BLOCKS = YES;
				GCC_OPTIMIZATION_LEVEL = 0;
				GCC_PREPROCESSOR_DEFINITIONS = (
					"DEBUG=1",
					"$(inherited)",
				);
				GCC_WARN_64_TO_32_BIT_CONVERSION = YES;
				GCC_WARN_ABOUT_RETURN_TYPE = YES_ERROR;
				GCC_WARN_UNDECLARED_SELECTOR = YES;
				GCC_WARN_UNINITIALIZED_AUTOS = YES_AGGRESSIVE;
				GCC_WARN_UNUSED_FUNCTION = YES;
				GCC_WARN_UNUSED_VARIABLE = YES;
				IPHONEOS_DEPLOYMENT_TARGET = 16.4;
				MTL_ENABLE_DEBUG_INFO = INCLUDE_SOURCE;
				MTL_FAST_MATH = YES;
				ONLY_ACTIVE_ARCH = YES;
				SDKROOT = iphoneos;
				SWIFT_ACTIVE_COMPILATION_CONDITIONS = DEBUG;
				SWIFT_OPTIMIZATION_LEVEL = "-Onone";
			};
			name = Debug;
		};
		86D902B52B183CBA00D3C793 /* Release */ = {
			isa = XCBuildConfiguration;
			buildSettings = {
				ALWAYS_SEARCH_USER_PATHS = NO;
				CLANG_ANALYZER_NONNULL = YES;
				CLANG_ANALYZER_NUMBER_OBJECT_CONVERSION = YES_AGGRESSIVE;
				CLANG_CXX_LANGUAGE_STANDARD = "gnu++20";
				CLANG_ENABLE_MODULES = YES;
				CLANG_ENABLE_OBJC_ARC = YES;
				CLANG_ENABLE_OBJC_WEAK = YES;
				CLANG_WARN_BLOCK_CAPTURE_AUTORELEASING = YES;
				CLANG_WARN_BOOL_CONVERSION = YES;
				CLANG_WARN_COMMA = YES;
				CLANG_WARN_CONSTANT_CONVERSION = YES;
				CLANG_WARN_DEPRECATED_OBJC_IMPLEMENTATIONS = YES;
				CLANG_WARN_DIRECT_OBJC_ISA_USAGE = YES_ERROR;
				CLANG_WARN_DOCUMENTATION_COMMENTS = YES;
				CLANG_WARN_EMPTY_BODY = YES;
				CLANG_WARN_ENUM_CONVERSION = YES;
				CLANG_WARN_INFINITE_RECURSION = YES;
				CLANG_WARN_INT_CONVERSION = YES;
				CLANG_WARN_NON_LITERAL_NULL_CONVERSION = YES;
				CLANG_WARN_OBJC_IMPLICIT_RETAIN_SELF = YES;
				CLANG_WARN_OBJC_LITERAL_CONVERSION = YES;
				CLANG_WARN_OBJC_ROOT_CLASS = YES_ERROR;
				CLANG_WARN_QUOTED_INCLUDE_IN_FRAMEWORK_HEADER = YES;
				CLANG_WARN_RANGE_LOOP_ANALYSIS = YES;
				CLANG_WARN_STRICT_PROTOTYPES = YES;
				CLANG_WARN_SUSPICIOUS_MOVE = YES;
				CLANG_WARN_UNGUARDED_AVAILABILITY = YES_AGGRESSIVE;
				CLANG_WARN_UNREACHABLE_CODE = YES;
				CLANG_WARN__DUPLICATE_METHOD_MATCH = YES;
				COPY_PHASE_STRIP = NO;
				DEBUG_INFORMATION_FORMAT = "dwarf-with-dsym";
				ENABLE_NS_ASSERTIONS = NO;
				ENABLE_STRICT_OBJC_MSGSEND = YES;
				GCC_C_LANGUAGE_STANDARD = gnu11;
				GCC_NO_COMMON_BLOCKS = YES;
				GCC_WARN_64_TO_32_BIT_CONVERSION = YES;
				GCC_WARN_ABOUT_RETURN_TYPE = YES_ERROR;
				GCC_WARN_UNDECLARED_SELECTOR = YES;
				GCC_WARN_UNINITIALIZED_AUTOS = YES_AGGRESSIVE;
				GCC_WARN_UNUSED_FUNCTION = YES;
				GCC_WARN_UNUSED_VARIABLE = YES;
				IPHONEOS_DEPLOYMENT_TARGET = 16.4;
				MTL_ENABLE_DEBUG_INFO = NO;
				MTL_FAST_MATH = YES;
				SDKROOT = iphoneos;
				SWIFT_COMPILATION_MODE = wholemodule;
				SWIFT_OPTIMIZATION_LEVEL = "-O";
				VALIDATE_PRODUCT = YES;
			};
			name = Release;
		};
		86D902B72B183CBA00D3C793 /* Debug */ = {
			isa = XCBuildConfiguration;
			buildSettings = {
				ASSETCATALOG_COMPILER_APPICON_NAME = AppIcon;
				ASSETCATALOG_COMPILER_GLOBAL_ACCENT_COLOR_NAME = AccentColor;
				CODE_SIGN_STYLE = Automatic;
				CURRENT_PROJECT_VERSION = 1;
				DEVELOPMENT_TEAM = K7YLB7DYBQ;
				GENERATE_INFOPLIST_FILE = YES;
				INFOPLIST_FILE = PingIdentity/Info.plist;
				INFOPLIST_KEY_UIApplicationSupportsIndirectInputEvents = YES;
				INFOPLIST_KEY_UILaunchStoryboardName = LaunchScreen;
				INFOPLIST_KEY_UIMainStoryboardFile = Main;
				INFOPLIST_KEY_UISupportedInterfaceOrientations_iPad = "UIInterfaceOrientationPortrait UIInterfaceOrientationPortraitUpsideDown UIInterfaceOrientationLandscapeLeft UIInterfaceOrientationLandscapeRight";
				INFOPLIST_KEY_UISupportedInterfaceOrientations_iPhone = "UIInterfaceOrientationPortrait UIInterfaceOrientationLandscapeLeft UIInterfaceOrientationLandscapeRight";
				IPHONEOS_DEPLOYMENT_TARGET = 16.2;
				LD_RUNPATH_SEARCH_PATHS = (
					"$(inherited)",
					"@executable_path/Frameworks",
				);
				MARKETING_VERSION = 1.0;
				PRODUCT_BUNDLE_IDENTIFIER = com.ping.PingIdentity;
				PRODUCT_NAME = "$(TARGET_NAME)";
				SWIFT_EMIT_LOC_STRINGS = YES;
				SWIFT_VERSION = 5.0;
				TARGETED_DEVICE_FAMILY = "1,2";
			};
			name = Debug;
		};
		86D902B82B183CBA00D3C793 /* Release */ = {
			isa = XCBuildConfiguration;
			buildSettings = {
				ASSETCATALOG_COMPILER_APPICON_NAME = AppIcon;
				ASSETCATALOG_COMPILER_GLOBAL_ACCENT_COLOR_NAME = AccentColor;
				CODE_SIGN_STYLE = Automatic;
				CURRENT_PROJECT_VERSION = 1;
				DEVELOPMENT_TEAM = K7YLB7DYBQ;
				GENERATE_INFOPLIST_FILE = YES;
				INFOPLIST_FILE = PingIdentity/Info.plist;
				INFOPLIST_KEY_UIApplicationSupportsIndirectInputEvents = YES;
				INFOPLIST_KEY_UILaunchStoryboardName = LaunchScreen;
				INFOPLIST_KEY_UIMainStoryboardFile = Main;
				INFOPLIST_KEY_UISupportedInterfaceOrientations_iPad = "UIInterfaceOrientationPortrait UIInterfaceOrientationPortraitUpsideDown UIInterfaceOrientationLandscapeLeft UIInterfaceOrientationLandscapeRight";
				INFOPLIST_KEY_UISupportedInterfaceOrientations_iPhone = "UIInterfaceOrientationPortrait UIInterfaceOrientationLandscapeLeft UIInterfaceOrientationLandscapeRight";
				IPHONEOS_DEPLOYMENT_TARGET = 16.2;
				LD_RUNPATH_SEARCH_PATHS = (
					"$(inherited)",
					"@executable_path/Frameworks",
				);
				MARKETING_VERSION = 1.0;
				PRODUCT_BUNDLE_IDENTIFIER = com.ping.PingIdentity;
				PRODUCT_NAME = "$(TARGET_NAME)";
				SWIFT_EMIT_LOC_STRINGS = YES;
				SWIFT_VERSION = 5.0;
				TARGETED_DEVICE_FAMILY = "1,2";
			};
			name = Release;
		};
		86D902BA2B183CBA00D3C793 /* Debug */ = {
			isa = XCBuildConfiguration;
			buildSettings = {
				ALWAYS_EMBED_SWIFT_STANDARD_LIBRARIES = YES;
				BUNDLE_LOADER = "$(TEST_HOST)";
				CODE_SIGN_STYLE = Automatic;
				CURRENT_PROJECT_VERSION = 1;
				GENERATE_INFOPLIST_FILE = YES;
				IPHONEOS_DEPLOYMENT_TARGET = 16.4;
				MARKETING_VERSION = 1.0;
				PRODUCT_BUNDLE_IDENTIFIER = com.ping.PingIdentityTests;
				PRODUCT_NAME = "$(TARGET_NAME)";
				SWIFT_EMIT_LOC_STRINGS = NO;
				SWIFT_VERSION = 5.0;
				TARGETED_DEVICE_FAMILY = "1,2";
				TEST_HOST = "$(BUILT_PRODUCTS_DIR)/PingIdentity.app/$(BUNDLE_EXECUTABLE_FOLDER_PATH)/PingIdentity";
			};
			name = Debug;
		};
		86D902BB2B183CBA00D3C793 /* Release */ = {
			isa = XCBuildConfiguration;
			buildSettings = {
				ALWAYS_EMBED_SWIFT_STANDARD_LIBRARIES = YES;
				BUNDLE_LOADER = "$(TEST_HOST)";
				CODE_SIGN_STYLE = Automatic;
				CURRENT_PROJECT_VERSION = 1;
				GENERATE_INFOPLIST_FILE = YES;
				IPHONEOS_DEPLOYMENT_TARGET = 16.4;
				MARKETING_VERSION = 1.0;
				PRODUCT_BUNDLE_IDENTIFIER = com.ping.PingIdentityTests;
				PRODUCT_NAME = "$(TARGET_NAME)";
				SWIFT_EMIT_LOC_STRINGS = NO;
				SWIFT_VERSION = 5.0;
				TARGETED_DEVICE_FAMILY = "1,2";
				TEST_HOST = "$(BUILT_PRODUCTS_DIR)/PingIdentity.app/$(BUNDLE_EXECUTABLE_FOLDER_PATH)/PingIdentity";
			};
			name = Release;
		};
		86D902BD2B183CBA00D3C793 /* Debug */ = {
			isa = XCBuildConfiguration;
			buildSettings = {
				ALWAYS_EMBED_SWIFT_STANDARD_LIBRARIES = YES;
				CODE_SIGN_STYLE = Automatic;
				CURRENT_PROJECT_VERSION = 1;
				GENERATE_INFOPLIST_FILE = YES;
				MARKETING_VERSION = 1.0;
				PRODUCT_BUNDLE_IDENTIFIER = com.ping.PingIdentityUITests;
				PRODUCT_NAME = "$(TARGET_NAME)";
				SWIFT_EMIT_LOC_STRINGS = NO;
				SWIFT_VERSION = 5.0;
				TARGETED_DEVICE_FAMILY = "1,2";
				TEST_TARGET_NAME = PingIdentity;
			};
			name = Debug;
		};
		86D902BE2B183CBA00D3C793 /* Release */ = {
			isa = XCBuildConfiguration;
			buildSettings = {
				ALWAYS_EMBED_SWIFT_STANDARD_LIBRARIES = YES;
				CODE_SIGN_STYLE = Automatic;
				CURRENT_PROJECT_VERSION = 1;
				GENERATE_INFOPLIST_FILE = YES;
				MARKETING_VERSION = 1.0;
				PRODUCT_BUNDLE_IDENTIFIER = com.ping.PingIdentityUITests;
				PRODUCT_NAME = "$(TARGET_NAME)";
				SWIFT_EMIT_LOC_STRINGS = NO;
				SWIFT_VERSION = 5.0;
				TARGETED_DEVICE_FAMILY = "1,2";
				TEST_TARGET_NAME = PingIdentity;
			};
			name = Release;
		};
/* End XCBuildConfiguration section */

/* Begin XCConfigurationList section */
		86D902872B183CB900D3C793 /* Build configuration list for PBXProject "PingIdentity" */ = {
			isa = XCConfigurationList;
			buildConfigurations = (
				86D902B42B183CBA00D3C793 /* Debug */,
				86D902B52B183CBA00D3C793 /* Release */,
			);
			defaultConfigurationIsVisible = 0;
			defaultConfigurationName = Release;
		};
		86D902B62B183CBA00D3C793 /* Build configuration list for PBXNativeTarget "PingIdentity" */ = {
			isa = XCConfigurationList;
			buildConfigurations = (
				86D902B72B183CBA00D3C793 /* Debug */,
				86D902B82B183CBA00D3C793 /* Release */,
			);
			defaultConfigurationIsVisible = 0;
			defaultConfigurationName = Release;
		};
		86D902B92B183CBA00D3C793 /* Build configuration list for PBXNativeTarget "PingIdentityTests" */ = {
			isa = XCConfigurationList;
			buildConfigurations = (
				86D902BA2B183CBA00D3C793 /* Debug */,
				86D902BB2B183CBA00D3C793 /* Release */,
			);
			defaultConfigurationIsVisible = 0;
			defaultConfigurationName = Release;
		};
		86D902BC2B183CBA00D3C793 /* Build configuration list for PBXNativeTarget "PingIdentityUITests" */ = {
			isa = XCConfigurationList;
			buildConfigurations = (
				86D902BD2B183CBA00D3C793 /* Debug */,
				86D902BE2B183CBA00D3C793 /* Release */,
			);
			defaultConfigurationIsVisible = 0;
			defaultConfigurationName = Release;
		};
/* End XCConfigurationList section */
	};
	rootObject = 86D902842B183CB900D3C793 /* Project object */;
}
